
Microsoft Visual Studio Solution File, Format Version 12.00
# Visual Studio Version 17
VisualStudioVersion = 17.8.34322.80
MinimumVisualStudioVersion = 10.0.40219.1
Project("{FAE04EC0-301F-11D3-BF4B-00C04F79EFBC}") = "SafariAuthService", "SafariAuthService\SafariAuthService.csproj", "{A315E97A-E55E-4E2D-8AAC-162C9687980C}"
EndProject
Project("{FAE04EC0-301F-11D3-BF4B-00C04F79EFBC}") = "CouponService", "CouponService\CouponService.csproj", "{AEC3CBC8-1120-4889-B0B6-0E2026CF53F1}"
EndProject
Global
	GlobalSection(SolutionConfigurationPlatforms) = preSolution
		Debug|Any CPU = Debug|Any CPU
		Release|Any CPU = Release|Any CPU
	EndGlobalSection
	GlobalSection(ProjectConfigurationPlatforms) = postSolution
		{A315E97A-E55E-4E2D-8AAC-162C9687980C}.Debug|Any CPU.ActiveCfg = Debug|Any CPU
		{A315E97A-E55E-4E2D-8AAC-162C9687980C}.Debug|Any CPU.Build.0 = Debug|Any CPU
		{A315E97A-E55E-4E2D-8AAC-162C9687980C}.Release|Any CPU.ActiveCfg = Release|Any CPU
		{A315E97A-E55E-4E2D-8AAC-162C9687980C}.Release|Any CPU.Build.0 = Release|Any CPU
		{AEC3CBC8-1120-4889-B0B6-0E2026CF53F1}.Debug|Any CPU.ActiveCfg = Debug|Any CPU
		{AEC3CBC8-1120-4889-B0B6-0E2026CF53F1}.Debug|Any CPU.Build.0 = Debug|Any CPU
		{AEC3CBC8-1120-4889-B0B6-0E2026CF53F1}.Release|Any CPU.ActiveCfg = Release|Any CPU
		{AEC3CBC8-1120-4889-B0B6-0E2026CF53F1}.Release|Any CPU.Build.0 = Release|Any CPU
	EndGlobalSection
	GlobalSection(SolutionProperties) = preSolution
		HideSolutionNode = FALSE
	EndGlobalSection
	GlobalSection(ExtensibilityGlobals) = postSolution
		SolutionGuid = {47EBE33A-2DF3-44D1-B969-7AF2EC9F3485}
	EndGlobalSection
EndGlobal
